
Microsoft Visual Studio Solution File, Format Version 12.00
# Visual Studio Version 16
VisualStudioVersion = 16.0.30225.117
MinimumVisualStudioVersion = 10.0.40219.1
Project("{FAE04EC0-301F-11D3-BF4B-00C04F79EFBC}") = "CollectionViewTraining.UWP", "CollectionViewTraining\CollectionViewTraining.UWP\CollectionViewTraining.UWP.csproj", "{628492D6-5B13-4855-BECD-8D46D8E2D682}"
EndProject
Project("{FAE04EC0-301F-11D3-BF4B-00C04F79EFBC}") = "CollectionViewTraining.Android", "CollectionViewTraining\CollectionViewTraining.Android\CollectionViewTraining.Android.csproj", "{C5B3AD22-E9AD-4AA7-A2E2-348B6ADAE6F0}"
EndProject
Project("{FAE04EC0-301F-11D3-BF4B-00C04F79EFBC}") = "CollectionViewTraining.iOS", "CollectionViewTraining\CollectionViewTraining.iOS\CollectionViewTraining.iOS.csproj", "{ED0075E7-F25D-4581-9FF9-694425AD7C4F}"
EndProject
Project("{FAE04EC0-301F-11D3-BF4B-00C04F79EFBC}") = "CollectionViewTraining", "CollectionViewTraining\CollectionViewTraining\CollectionViewTraining.csproj", "{3EF679D7-1640-48A0-A0B7-D280B9E6161A}"
EndProject
Global
	GlobalSection(SolutionConfigurationPlatforms) = preSolution
		Debug|Any CPU = Debug|Any CPU
		Debug|ARM = Debug|ARM
		Debug|iPhone = Debug|iPhone
		Debug|iPhoneSimulator = Debug|iPhoneSimulator
		Debug|x64 = Debug|x64
		Debug|x86 = Debug|x86
		Release|Any CPU = Release|Any CPU
		Release|ARM = Release|ARM
		Release|iPhone = Release|iPhone
		Release|iPhoneSimulator = Release|iPhoneSimulator
		Release|x64 = Release|x64
		Release|x86 = Release|x86
	EndGlobalSection
	GlobalSection(ProjectConfigurationPlatforms) = postSolution
		{628492D6-5B13-4855-BECD-8D46D8E2D682}.Debug|Any CPU.ActiveCfg = Debug|x86
		{628492D6-5B13-4855-BECD-8D46D8E2D682}.Debug|Any CPU.Build.0 = Debug|x86
		{628492D6-5B13-4855-BECD-8D46D8E2D682}.Debug|Any CPU.Deploy.0 = Debug|x86
		{628492D6-5B13-4855-BECD-8D46D8E2D682}.Debug|ARM.ActiveCfg = Debug|ARM
		{628492D6-5B13-4855-BECD-8D46D8E2D682}.Debug|ARM.Build.0 = Debug|ARM
		{628492D6-5B13-4855-BECD-8D46D8E2D682}.Debug|ARM.Deploy.0 = Debug|ARM
		{628492D6-5B13-4855-BECD-8D46D8E2D682}.Debug|iPhone.ActiveCfg = Debug|x86
		{628492D6-5B13-4855-BECD-8D46D8E2D682}.Debug|iPhone.Build.0 = Debug|x86
		{628492D6-5B13-4855-BECD-8D46D8E2D682}.Debug|iPhone.Deploy.0 = Debug|x86
		{628492D6-5B13-4855-BECD-8D46D8E2D682}.Debug|iPhoneSimulator.ActiveCfg = Debug|x86
		{628492D6-5B13-4855-BECD-8D46D8E2D682}.Debug|iPhoneSimulator.Build.0 = Debug|x86
		{628492D6-5B13-4855-BECD-8D46D8E2D682}.Debug|iPhoneSimulator.Deploy.0 = Debug|x86
		{628492D6-5B13-4855-BECD-8D46D8E2D682}.Debug|x64.ActiveCfg = Debug|x64
		{628492D6-5B13-4855-BECD-8D46D8E2D682}.Debug|x64.Build.0 = Debug|x64
		{628492D6-5B13-4855-BECD-8D46D8E2D682}.Debug|x64.Deploy.0 = Debug|x64
		{628492D6-5B13-4855-BECD-8D46D8E2D682}.Debug|x86.ActiveCfg = Debug|x86
		{628492D6-5B13-4855-BECD-8D46D8E2D682}.Debug|x86.Build.0 = Debug|x86
		{628492D6-5B13-4855-BECD-8D46D8E2D682}.Debug|x86.Deploy.0 = Debug|x86
		{628492D6-5B13-4855-BECD-8D46D8E2D682}.Release|Any CPU.ActiveCfg = Release|x86
		{628492D6-5B13-4855-BECD-8D46D8E2D682}.Release|Any CPU.Build.0 = Release|x86
		{628492D6-5B13-4855-BECD-8D46D8E2D682}.Release|Any CPU.Deploy.0 = Release|x86
		{628492D6-5B13-4855-BECD-8D46D8E2D682}.Release|ARM.ActiveCfg = Release|ARM
		{628492D6-5B13-4855-BECD-8D46D8E2D682}.Release|ARM.Build.0 = Release|ARM
		{628492D6-5B13-4855-BECD-8D46D8E2D682}.Release|ARM.Deploy.0 = Release|ARM
		{628492D6-5B13-4855-BECD-8D46D8E2D682}.Release|iPhone.ActiveCfg = Release|x86
		{628492D6-5B13-4855-BECD-8D46D8E2D682}.Release|iPhone.Build.0 = Release|x86
		{628492D6-5B13-4855-BECD-8D46D8E2D682}.Release|iPhone.Deploy.0 = Release|x86
		{628492D6-5B13-4855-BECD-8D46D8E2D682}.Release|iPhoneSimulator.ActiveCfg = Release|x86
		{628492D6-5B13-4855-BECD-8D46D8E2D682}.Release|iPhoneSimulator.Build.0 = Release|x86
		{628492D6-5B13-4855-BECD-8D46D8E2D682}.Release|iPhoneSimulator.Deploy.0 = Release|x86
		{628492D6-5B13-4855-BECD-8D46D8E2D682}.Release|x64.ActiveCfg = Release|x64
		{628492D6-5B13-4855-BECD-8D46D8E2D682}.Release|x64.Build.0 = Release|x64
		{628492D6-5B13-4855-BECD-8D46D8E2D682}.Release|x64.Deploy.0 = Release|x64
		{628492D6-5B13-4855-BECD-8D46D8E2D682}.Release|x86.ActiveCfg = Release|x86
		{628492D6-5B13-4855-BECD-8D46D8E2D682}.Release|x86.Build.0 = Release|x86
		{628492D6-5B13-4855-BECD-8D46D8E2D682}.Release|x86.Deploy.0 = Release|x86
		{C5B3AD22-E9AD-4AA7-A2E2-348B6ADAE6F0}.Debug|Any CPU.ActiveCfg = Debug|Any CPU
		{C5B3AD22-E9AD-4AA7-A2E2-348B6ADAE6F0}.Debug|Any CPU.Build.0 = Debug|Any CPU
		{C5B3AD22-E9AD-4AA7-A2E2-348B6ADAE6F0}.Debug|Any CPU.Deploy.0 = Debug|Any CPU
		{C5B3AD22-E9AD-4AA7-A2E2-348B6ADAE6F0}.Debug|ARM.ActiveCfg = Debug|Any CPU
		{C5B3AD22-E9AD-4AA7-A2E2-348B6ADAE6F0}.Debug|ARM.Build.0 = Debug|Any CPU
		{C5B3AD22-E9AD-4AA7-A2E2-348B6ADAE6F0}.Debug|ARM.Deploy.0 = Debug|Any CPU
		{C5B3AD22-E9AD-4AA7-A2E2-348B6ADAE6F0}.Debug|iPhone.ActiveCfg = Debug|Any CPU
		{C5B3AD22-E9AD-4AA7-A2E2-348B6ADAE6F0}.Debug|iPhone.Build.0 = Debug|Any CPU
		{C5B3AD22-E9AD-4AA7-A2E2-348B6ADAE6F0}.Debug|iPhone.Deploy.0 = Debug|Any CPU
		{C5B3AD22-E9AD-4AA7-A2E2-348B6ADAE6F0}.Debug|iPhoneSimulator.ActiveCfg = Debug|Any CPU
		{C5B3AD22-E9AD-4AA7-A2E2-348B6ADAE6F0}.Debug|iPhoneSimulator.Build.0 = Debug|Any CPU
		{C5B3AD22-E9AD-4AA7-A2E2-348B6ADAE6F0}.Debug|iPhoneSimulator.Deploy.0 = Debug|Any CPU
		{C5B3AD22-E9AD-4AA7-A2E2-348B6ADAE6F0}.Debug|x64.ActiveCfg = Debug|Any CPU
		{C5B3AD22-E9AD-4AA7-A2E2-348B6ADAE6F0}.Debug|x64.Build.0 = Debug|Any CPU
		{C5B3AD22-E9AD-4AA7-A2E2-348B6ADAE6F0}.Debug|x64.Deploy.0 = Debug|Any CPU
		{C5B3AD22-E9AD-4AA7-A2E2-348B6ADAE6F0}.Debug|x86.ActiveCfg = Debug|Any CPU
		{C5B3AD22-E9AD-4AA7-A2E2-348B6ADAE6F0}.Debug|x86.Build.0 = Debug|Any CPU
		{C5B3AD22-E9AD-4AA7-A2E2-348B6ADAE6F0}.Debug|x86.Deploy.0 = Debug|Any CPU
		{C5B3AD22-E9AD-4AA7-A2E2-348B6ADAE6F0}.Release|Any CPU.ActiveCfg = Release|Any CPU
		{C5B3AD22-E9AD-4AA7-A2E2-348B6ADAE6F0}.Release|Any CPU.Build.0 = Release|Any CPU
		{C5B3AD22-E9AD-4AA7-A2E2-348B6ADAE6F0}.Release|Any CPU.Deploy.0 = Release|Any CPU
		{C5B3AD22-E9AD-4AA7-A2E2-348B6ADAE6F0}.Release|ARM.ActiveCfg = Release|Any CPU
		{C5B3AD22-E9AD-4AA7-A2E2-348B6ADAE6F0}.Release|ARM.Build.0 = Release|Any CPU
		{C5B3AD22-E9AD-4AA7-A2E2-348B6ADAE6F0}.Release|ARM.Deploy.0 = Release|Any CPU
		{C5B3AD22-E9AD-4AA7-A2E2-348B6ADAE6F0}.Release|iPhone.ActiveCfg = Release|Any CPU
		{C5B3AD22-E9AD-4AA7-A2E2-348B6ADAE6F0}.Release|iPhone.Build.0 = Release|Any CPU
		{C5B3AD22-E9AD-4AA7-A2E2-348B6ADAE6F0}.Release|iPhone.Deploy.0 = Release|Any CPU
		{C5B3AD22-E9AD-4AA7-A2E2-348B6ADAE6F0}.Release|iPhoneSimulator.ActiveCfg = Release|Any CPU
		{C5B3AD22-E9AD-4AA7-A2E2-348B6ADAE6F0}.Release|iPhoneSimulator.Build.0 = Release|Any CPU
		{C5B3AD22-E9AD-4AA7-A2E2-348B6ADAE6F0}.Release|iPhoneSimulator.Deploy.0 = Release|Any CPU
		{C5B3AD22-E9AD-4AA7-A2E2-348B6ADAE6F0}.Release|x64.ActiveCfg = Release|Any CPU
		{C5B3AD22-E9AD-4AA7-A2E2-348B6ADAE6F0}.Release|x64.Build.0 = Release|Any CPU
		{C5B3AD22-E9AD-4AA7-A2E2-348B6ADAE6F0}.Release|x64.Deploy.0 = Release|Any CPU
		{C5B3AD22-E9AD-4AA7-A2E2-348B6ADAE6F0}.Release|x86.ActiveCfg = Release|Any CPU
		{C5B3AD22-E9AD-4AA7-A2E2-348B6ADAE6F0}.Release|x86.Build.0 = Release|Any CPU
		{C5B3AD22-E9AD-4AA7-A2E2-348B6ADAE6F0}.Release|x86.Deploy.0 = Release|Any CPU
		{ED0075E7-F25D-4581-9FF9-694425AD7C4F}.Debug|Any CPU.ActiveCfg = Debug|iPhone
		{ED0075E7-F25D-4581-9FF9-694425AD7C4F}.Debug|Any CPU.Build.0 = Debug|iPhone
		{ED0075E7-F25D-4581-9FF9-694425AD7C4F}.Debug|Any CPU.Deploy.0 = Debug|iPhone
		{ED0075E7-F25D-4581-9FF9-694425AD7C4F}.Debug|ARM.ActiveCfg = Debug|iPhone
		{ED0075E7-F25D-4581-9FF9-694425AD7C4F}.Debug|ARM.Build.0 = Debug|iPhone
		{ED0075E7-F25D-4581-9FF9-694425AD7C4F}.Debug|ARM.Deploy.0 = Debug|iPhone
		{ED0075E7-F25D-4581-9FF9-694425AD7C4F}.Debug|iPhone.ActiveCfg = Debug|iPhone
		{ED0075E7-F25D-4581-9FF9-694425AD7C4F}.Debug|iPhone.Build.0 = Debug|iPhone
		{ED0075E7-F25D-4581-9FF9-694425AD7C4F}.Debug|iPhone.Deploy.0 = Debug|iPhone
		{ED0075E7-F25D-4581-9FF9-694425AD7C4F}.Debug|iPhoneSimulator.ActiveCfg = Debug|iPhoneSimulator
		{ED0075E7-F25D-4581-9FF9-694425AD7C4F}.Debug|iPhoneSimulator.Build.0 = Debug|iPhoneSimulator
		{ED0075E7-F25D-4581-9FF9-694425AD7C4F}.Debug|iPhoneSimulator.Deploy.0 = Debug|iPhoneSimulator
		{ED0075E7-F25D-4581-9FF9-694425AD7C4F}.Debug|x64.ActiveCfg = Debug|iPhone
		{ED0075E7-F25D-4581-9FF9-694425AD7C4F}.Debug|x64.Build.0 = Debug|iPhone
		{ED0075E7-F25D-4581-9FF9-694425AD7C4F}.Debug|x64.Deploy.0 = Debug|iPhone
		{ED0075E7-F25D-4581-9FF9-694425AD7C4F}.Debug|x86.ActiveCfg = Debug|iPhone
		{ED0075E7-F25D-4581-9FF9-694425AD7C4F}.Debug|x86.Build.0 = Debug|iPhone
		{ED0075E7-F25D-4581-9FF9-694425AD7C4F}.Debug|x86.Deploy.0 = Debug|iPhone
		{ED0075E7-F25D-4581-9FF9-694425AD7C4F}.Release|Any CPU.ActiveCfg = Release|iPhone
		{ED0075E7-F25D-4581-9FF9-694425AD7C4F}.Release|Any CPU.Build.0 = Release|iPhone
		{ED0075E7-F25D-4581-9FF9-694425AD7C4F}.Release|Any CPU.Deploy.0 = Release|iPhone
		{ED0075E7-F25D-4581-9FF9-694425AD7C4F}.Release|ARM.ActiveCfg = Release|iPhone
		{ED0075E7-F25D-4581-9FF9-694425AD7C4F}.Release|ARM.Build.0 = Release|iPhone
		{ED0075E7-F25D-4581-9FF9-694425AD7C4F}.Release|ARM.Deploy.0 = Release|iPhone
		{ED0075E7-F25D-4581-9FF9-694425AD7C4F}.Release|iPhone.ActiveCfg = Release|iPhone
		{ED0075E7-F25D-4581-9FF9-694425AD7C4F}.Release|iPhone.Build.0 = Release|iPhone
		{ED0075E7-F25D-4581-9FF9-694425AD7C4F}.Release|iPhone.Deploy.0 = Release|iPhone
		{ED0075E7-F25D-4581-9FF9-694425AD7C4F}.Release|iPhoneSimulator.ActiveCfg = Release|iPhoneSimulator
		{ED0075E7-F25D-4581-9FF9-694425AD7C4F}.Release|iPhoneSimulator.Build.0 = Release|iPhoneSimulator
		{ED0075E7-F25D-4581-9FF9-694425AD7C4F}.Release|iPhoneSimulator.Deploy.0 = Release|iPhoneSimulator
		{ED0075E7-F25D-4581-9FF9-694425AD7C4F}.Release|x64.ActiveCfg = Release|iPhone
		{ED0075E7-F25D-4581-9FF9-694425AD7C4F}.Release|x64.Build.0 = Release|iPhone
		{ED0075E7-F25D-4581-9FF9-694425AD7C4F}.Release|x64.Deploy.0 = Release|iPhone
		{ED0075E7-F25D-4581-9FF9-694425AD7C4F}.Release|x86.ActiveCfg = Release|iPhone
		{ED0075E7-F25D-4581-9FF9-694425AD7C4F}.Release|x86.Build.0 = Release|iPhone
		{ED0075E7-F25D-4581-9FF9-694425AD7C4F}.Release|x86.Deploy.0 = Release|iPhone
		{3EF679D7-1640-48A0-A0B7-D280B9E6161A}.Debug|Any CPU.ActiveCfg = Debug|Any CPU
		{3EF679D7-1640-48A0-A0B7-D280B9E6161A}.Debug|Any CPU.Build.0 = Debug|Any CPU
		{3EF679D7-1640-48A0-A0B7-D280B9E6161A}.Debug|Any CPU.Deploy.0 = Debug|Any CPU
		{3EF679D7-1640-48A0-A0B7-D280B9E6161A}.Debug|ARM.ActiveCfg = Debug|Any CPU
		{3EF679D7-1640-48A0-A0B7-D280B9E6161A}.Debug|ARM.Build.0 = Debug|Any CPU
		{3EF679D7-1640-48A0-A0B7-D280B9E6161A}.Debug|ARM.Deploy.0 = Debug|Any CPU
		{3EF679D7-1640-48A0-A0B7-D280B9E6161A}.Debug|iPhone.ActiveCfg = Debug|Any CPU
		{3EF679D7-1640-48A0-A0B7-D280B9E6161A}.Debug|iPhone.Build.0 = Debug|Any CPU
		{3EF679D7-1640-48A0-A0B7-D280B9E6161A}.Debug|iPhone.Deploy.0 = Debug|Any CPU
		{3EF679D7-1640-48A0-A0B7-D280B9E6161A}.Debug|iPhoneSimulator.ActiveCfg = Debug|Any CPU
		{3EF679D7-1640-48A0-A0B7-D280B9E6161A}.Debug|iPhoneSimulator.Build.0 = Debug|Any CPU
		{3EF679D7-1640-48A0-A0B7-D280B9E6161A}.Debug|iPhoneSimulator.Deploy.0 = Debug|Any CPU
		{3EF679D7-1640-48A0-A0B7-D280B9E6161A}.Debug|x64.ActiveCfg = Debug|Any CPU
		{3EF679D7-1640-48A0-A0B7-D280B9E6161A}.Debug|x64.Build.0 = Debug|Any CPU
		{3EF679D7-1640-48A0-A0B7-D280B9E6161A}.Debug|x64.Deploy.0 = Debug|Any CPU
		{3EF679D7-1640-48A0-A0B7-D280B9E6161A}.Debug|x86.ActiveCfg = Debug|Any CPU
		{3EF679D7-1640-48A0-A0B7-D280B9E6161A}.Debug|x86.Build.0 = Debug|Any CPU
		{3EF679D7-1640-48A0-A0B7-D280B9E6161A}.Debug|x86.Deploy.0 = Debug|Any CPU
		{3EF679D7-1640-48A0-A0B7-D280B9E6161A}.Release|Any CPU.ActiveCfg = Release|Any CPU
		{3EF679D7-1640-48A0-A0B7-D280B9E6161A}.Release|Any CPU.Build.0 = Release|Any CPU
		{3EF679D7-1640-48A0-A0B7-D280B9E6161A}.Release|Any CPU.Deploy.0 = Release|Any CPU
		{3EF679D7-1640-48A0-A0B7-D280B9E6161A}.Release|ARM.ActiveCfg = Release|Any CPU
		{3EF679D7-1640-48A0-A0B7-D280B9E6161A}.Release|ARM.Build.0 = Release|Any CPU
		{3EF679D7-1640-48A0-A0B7-D280B9E6161A}.Release|ARM.Deploy.0 = Release|Any CPU
		{3EF679D7-1640-48A0-A0B7-D280B9E6161A}.Release|iPhone.ActiveCfg = Release|Any CPU
		{3EF679D7-1640-48A0-A0B7-D280B9E6161A}.Release|iPhone.Build.0 = Release|Any CPU
		{3EF679D7-1640-48A0-A0B7-D280B9E6161A}.Release|iPhone.Deploy.0 = Release|Any CPU
		{3EF679D7-1640-48A0-A0B7-D280B9E6161A}.Release|iPhoneSimulator.ActiveCfg = Release|Any CPU
		{3EF679D7-1640-48A0-A0B7-D280B9E6161A}.Release|iPhoneSimulator.Build.0 = Release|Any CPU
		{3EF679D7-1640-48A0-A0B7-D280B9E6161A}.Release|iPhoneSimulator.Deploy.0 = Release|Any CPU
		{3EF679D7-1640-48A0-A0B7-D280B9E6161A}.Release|x64.ActiveCfg = Release|Any CPU
		{3EF679D7-1640-48A0-A0B7-D280B9E6161A}.Release|x64.Build.0 = Release|Any CPU
		{3EF679D7-1640-48A0-A0B7-D280B9E6161A}.Release|x64.Deploy.0 = Release|Any CPU
		{3EF679D7-1640-48A0-A0B7-D280B9E6161A}.Release|x86.ActiveCfg = Release|Any CPU
		{3EF679D7-1640-48A0-A0B7-D280B9E6161A}.Release|x86.Build.0 = Release|Any CPU
		{3EF679D7-1640-48A0-A0B7-D280B9E6161A}.Release|x86.Deploy.0 = Release|Any CPU
	EndGlobalSection
	GlobalSection(SolutionProperties) = preSolution
		HideSolutionNode = FALSE
	EndGlobalSection
	GlobalSection(ExtensibilityGlobals) = postSolution
		SolutionGuid = {E0210944-BE6A-4F69-B4C0-DC6F28FF25F2}
	EndGlobalSection
EndGlobal
